
Microsoft Visual Studio Solution File, Format Version 12.00
# Visual Studio Version 16
VisualStudioVersion = 16.0.31205.134
MinimumVisualStudioVersion = 10.0.40219.1
Project("{9A19103F-16F7-4668-BE54-9A1E7A4F7556}") = "MovieHost", "MovieHost4\MovieHost.csproj", "{C3AD256D-FDA8-449A-8D54-1D94A211A5F6}"
EndProject
Project("{9A19103F-16F7-4668-BE54-9A1E7A4F7556}") = "TestProject1", "TestProject1\TestProject1.csproj", "{9DCA79A6-C6F9-4523-B9CF-90CA5046035E}"
EndProject
Global
	GlobalSection(SolutionConfigurationPlatforms) = preSolution
		Debug|Any CPU = Debug|Any CPU
		Release|Any CPU = Release|Any CPU
	EndGlobalSection
	GlobalSection(ProjectConfigurationPlatforms) = postSolution
		{C3AD256D-FDA8-449A-8D54-1D94A211A5F6}.Debug|Any CPU.ActiveCfg = Debug|Any CPU
		{C3AD256D-FDA8-449A-8D54-1D94A211A5F6}.Debug|Any CPU.Build.0 = Debug|Any CPU
		{C3AD256D-FDA8-449A-8D54-1D94A211A5F6}.Release|Any CPU.ActiveCfg = Release|Any CPU
		{C3AD256D-FDA8-449A-8D54-1D94A211A5F6}.Release|Any CPU.Build.0 = Release|Any CPU
		{9DCA79A6-C6F9-4523-B9CF-90CA5046035E}.Debug|Any CPU.ActiveCfg = Debug|Any CPU
		{9DCA79A6-C6F9-4523-B9CF-90CA5046035E}.Debug|Any CPU.Build.0 = Debug|Any CPU
		{9DCA79A6-C6F9-4523-B9CF-90CA5046035E}.Release|Any CPU.ActiveCfg = Release|Any CPU
		{9DCA79A6-C6F9-4523-B9CF-90CA5046035E}.Release|Any CPU.Build.0 = Release|Any CPU
	EndGlobalSection
	GlobalSection(SolutionProperties) = preSolution
		HideSolutionNode = FALSE
	EndGlobalSection
	GlobalSection(ExtensibilityGlobals) = postSolution
		SolutionGuid = {44EA33BC-531F-4988-9B19-5F271690ADEF}
	EndGlobalSection
EndGlobal
